// !$*UTF8*$!
{
	archiveVersion = 1;
	classes = {
	};
	objectVersion = 46;
	objects = {

/* Begin PBXBuildFile section */
		C68B730F1B475DE500CBB79B /* AppDelegate.swift in Sources */ = {isa = PBXBuildFile; fileRef = C68B730E1B475DE500CBB79B /* AppDelegate.swift */; };
		C68B73111B475DE500CBB79B /* ViewController.swift in Sources */ = {isa = PBXBuildFile; fileRef = C68B73101B475DE500CBB79B /* ViewController.swift */; };
		C68B73141B475DE500CBB79B /* Main.storyboard in Resources */ = {isa = PBXBuildFile; fileRef = C68B73121B475DE500CBB79B /* Main.storyboard */; };
		C68B73161B475DE500CBB79B /* Images.xcassets in Resources */ = {isa = PBXBuildFile; fileRef = C68B73151B475DE500CBB79B /* Images.xcassets */; };
		C68B73191B475DE500CBB79B /* LaunchScreen.xib in Resources */ = {isa = PBXBuildFile; fileRef = C68B73171B475DE500CBB79B /* LaunchScreen.xib */; };
		C68B73251B475DE500CBB79B /* CustomIndicatorViewTests.swift in Sources */ = {isa = PBXBuildFile; fileRef = C68B73241B475DE500CBB79B /* CustomIndicatorViewTests.swift */; };
		C68B732F1B475E0100CBB79B /* CustomIndicatorView.swift in Sources */ = {isa = PBXBuildFile; fileRef = C68B732E1B475E0100CBB79B /* CustomIndicatorView.swift */; };
		C68B73611B479E5800CBB79B /* indicator.png in Resources */ = {isa = PBXBuildFile; fileRef = C68B73601B479E5800CBB79B /* indicator.png */; };
/* End PBXBuildFile section */

/* Begin PBXContainerItemProxy section */
		C68B731F1B475DE500CBB79B /* PBXContainerItemProxy */ = {
			isa = PBXContainerItemProxy;
			containerPortal = C68B73011B475DE500CBB79B /* Project object */;
			proxyType = 1;
			remoteGlobalIDString = C68B73081B475DE500CBB79B;
			remoteInfo = CustomIndicatorView;
		};
/* End PBXContainerItemProxy section */

/* Begin PBXFileReference section */
		C68B73091B475DE500CBB79B /* CustomIndicatorView.app */ = {isa = PBXFileReference; explicitFileType = wrapper.application; includeInIndex = 0; path = CustomIndicatorView.app; sourceTree = BUILT_PRODUCTS_DIR; };
		C68B730D1B475DE500CBB79B /* Info.plist */ = {isa = PBXFileReference; lastKnownFileType = text.plist.xml; path = Info.plist; sourceTree = "<group>"; };
		C68B730E1B475DE500CBB79B /* AppDelegate.swift */ = {isa = PBXFileReference; lastKnownFileType = sourcecode.swift; path = AppDelegate.swift; sourceTree = "<group>"; };
		C68B73101B475DE500CBB79B /* ViewController.swift */ = {isa = PBXFileReference; lastKnownFileType = sourcecode.swift; path = ViewController.swift; sourceTree = "<group>"; };
		C68B73131B475DE500CBB79B /* Base */ = {isa = PBXFileReference; lastKnownFileType = file.storyboard; name = Base; path = Base.lproj/Main.storyboard; sourceTree = "<group>"; };
		C68B73151B475DE500CBB79B /* Images.xcassets */ = {isa = PBXFileReference; lastKnownFileType = folder.assetcatalog; path = Images.xcassets; sourceTree = "<group>"; };
		C68B73181B475DE500CBB79B /* Base */ = {isa = PBXFileReference; lastKnownFileType = file.xib; name = Base; path = Base.lproj/LaunchScreen.xib; sourceTree = "<group>"; };
		C68B731E1B475DE500CBB79B /* CustomIndicatorViewTests.xctest */ = {isa = PBXFileReference; explicitFileType = wrapper.cfbundle; includeInIndex = 0; path = CustomIndicatorViewTests.xctest; sourceTree = BUILT_PRODUCTS_DIR; };
		C68B73231B475DE500CBB79B /* Info.plist */ = {isa = PBXFileReference; lastKnownFileType = text.plist.xml; path = Info.plist; sourceTree = "<group>"; };
		C68B73241B475DE500CBB79B /* CustomIndicatorViewTests.swift */ = {isa = PBXFileReference; lastKnownFileType = sourcecode.swift; path = CustomIndicatorViewTests.swift; sourceTree = "<group>"; };
		C68B732E1B475E0100CBB79B /* CustomIndicatorView.swift */ = {isa = PBXFileReference; fileEncoding = 4; lastKnownFileType = sourcecode.swift; path = CustomIndicatorView.swift; sourceTree = "<group>"; };
		C68B73601B479E5800CBB79B /* indicator.png */ = {isa = PBXFileReference; lastKnownFileType = image.png; name = indicator.png; path = resource/indicator.png; sourceTree = "<group>"; };
/* End PBXFileReference section */

/* Begin PBXFrameworksBuildPhase section */
		C68B73061B475DE500CBB79B /* Frameworks */ = {
			isa = PBXFrameworksBuildPhase;
			buildActionMask = 2147483647;
			files = (
			);
			runOnlyForDeploymentPostprocessing = 0;
		};
		C68B731B1B475DE500CBB79B /* Frameworks */ = {
			isa = PBXFrameworksBuildPhase;
			buildActionMask = 2147483647;
			files = (
			);
			runOnlyForDeploymentPostprocessing = 0;
		};
/* End PBXFrameworksBuildPhase section */

/* Begin PBXGroup section */
		C68B73001B475DE500CBB79B = {
			isa = PBXGroup;
			children = (
				C68B730B1B475DE500CBB79B /* CustomIndicatorView */,
				C68B73211B475DE500CBB79B /* CustomIndicatorViewTests */,
				C68B730A1B475DE500CBB79B /* Products */,
			);
			sourceTree = "<group>";
		};
		C68B730A1B475DE500CBB79B /* Products */ = {
			isa = PBXGroup;
			children = (
				C68B73091B475DE500CBB79B /* CustomIndicatorView.app */,
				C68B731E1B475DE500CBB79B /* CustomIndicatorViewTests.xctest */,
			);
			name = Products;
			sourceTree = "<group>";
		};
		C68B730B1B475DE500CBB79B /* CustomIndicatorView */ = {
			isa = PBXGroup;
			children = (
				C68B73601B479E5800CBB79B /* indicator.png */,
				C68B730E1B475DE500CBB79B /* AppDelegate.swift */,
				C68B73101B475DE500CBB79B /* ViewController.swift */,
				C68B732E1B475E0100CBB79B /* CustomIndicatorView.swift */,
				C68B73121B475DE500CBB79B /* Main.storyboard */,
				C68B73151B475DE500CBB79B /* Images.xcassets */,
				C68B73171B475DE500CBB79B /* LaunchScreen.xib */,
				C68B730C1B475DE500CBB79B /* Supporting Files */,
			);
			path = CustomIndicatorView;
			sourceTree = "<group>";
		};
		C68B730C1B475DE500CBB79B /* Supporting Files */ = {
			isa = PBXGroup;
			children = (
				C68B730D1B475DE500CBB79B /* Info.plist */,
			);
			name = "Supporting Files";
			sourceTree = "<group>";
		};
		C68B73211B475DE500CBB79B /* CustomIndicatorViewTests */ = {
			isa = PBXGroup;
			children = (
				C68B73241B475DE500CBB79B /* CustomIndicatorViewTests.swift */,
				C68B73221B475DE500CBB79B /* Supporting Files */,
			);
			path = CustomIndicatorViewTests;
			sourceTree = "<group>";
		};
		C68B73221B475DE500CBB79B /* Supporting Files */ = {
			isa = PBXGroup;
			children = (
				C68B73231B475DE500CBB79B /* Info.plist */,
			);
			name = "Supporting Files";
			sourceTree = "<group>";
		};
/* End PBXGroup section */

/* Begin PBXNativeTarget section */
		C68B73081B475DE500CBB79B /* CustomIndicatorView */ = {
			isa = PBXNativeTarget;
			buildConfigurationList = C68B73281B475DE500CBB79B /* Build configuration list for PBXNativeTarget "CustomIndicatorView" */;
			buildPhases = (
				C68B73051B475DE500CBB79B /* Sources */,
				C68B73061B475DE500CBB79B /* Frameworks */,
				C68B73071B475DE500CBB79B /* Resources */,
			);
			buildRules = (
			);
			dependencies = (
			);
			name = CustomIndicatorView;
			productName = CustomIndicatorView;
			productReference = C68B73091B475DE500CBB79B /* CustomIndicatorView.app */;
			productType = "com.apple.product-type.application";
		};
		C68B731D1B475DE500CBB79B /* CustomIndicatorViewTests */ = {
			isa = PBXNativeTarget;
			buildConfigurationList = C68B732B1B475DE500CBB79B /* Build configuration list for PBXNativeTarget "CustomIndicatorViewTests" */;
			buildPhases = (
				C68B731A1B475DE500CBB79B /* Sources */,
				C68B731B1B475DE500CBB79B /* Frameworks */,
				C68B731C1B475DE500CBB79B /* Resources */,
			);
			buildRules = (
			);
			dependencies = (
				C68B73201B475DE500CBB79B /* PBXTargetDependency */,
			);
			name = CustomIndicatorViewTests;
			productName = CustomIndicatorViewTests;
			productReference = C68B731E1B475DE500CBB79B /* CustomIndicatorViewTests.xctest */;
			productType = "com.apple.product-type.bundle.unit-test";
		};
/* End PBXNativeTarget section */

/* Begin PBXProject section */
		C68B73011B475DE500CBB79B /* Project object */ = {
			isa = PBXProject;
			attributes = {
				LastSwiftMigration = 0730;
				LastSwiftUpdateCheck = 0730;
				LastUpgradeCheck = 0830;
				ORGANIZATIONNAME = Aryzae;
				TargetAttributes = {
					C68B73081B475DE500CBB79B = {
						CreatedOnToolsVersion = 6.4;
						DevelopmentTeam = U38WFWB5D6;
						LastSwiftMigration = 0830;
						SystemCapabilities = {
							com.apple.Keychain = {
								enabled = 0;
							};
						};
					};
					C68B731D1B475DE500CBB79B = {
						CreatedOnToolsVersion = 6.4;
						LastSwiftMigration = 0830;
						TestTargetID = C68B73081B475DE500CBB79B;
					};
				};
			};
			buildConfigurationList = C68B73041B475DE500CBB79B /* Build configuration list for PBXProject "CustomIndicatorView" */;
			compatibilityVersion = "Xcode 3.2";
			developmentRegion = English;
			hasScannedForEncodings = 0;
			knownRegions = (
				en,
				Base,
			);
			mainGroup = C68B73001B475DE500CBB79B;
			productRefGroup = C68B730A1B475DE500CBB79B /* Products */;
			projectDirPath = "";
			projectRoot = "";
			targets = (
				C68B73081B475DE500CBB79B /* CustomIndicatorView */,
				C68B731D1B475DE500CBB79B /* CustomIndicatorViewTests */,
			);
		};
/* End PBXProject section */

/* Begin PBXResourcesBuildPhase section */
		C68B73071B475DE500CBB79B /* Resources */ = {
			isa = PBXResourcesBuildPhase;
			buildActionMask = 2147483647;
			files = (
				C68B73141B475DE500CBB79B /* Main.storyboard in Resources */,
				C68B73611B479E5800CBB79B /* indicator.png in Resources */,
				C68B73191B475DE500CBB79B /* LaunchScreen.xib in Resources */,
				C68B73161B475DE500CBB79B /* Images.xcassets in Resources */,
			);
			runOnlyForDeploymentPostprocessing = 0;
		};
		C68B731C1B475DE500CBB79B /* Resources */ = {
			isa = PBXResourcesBuildPhase;
			buildActionMask = 2147483647;
			files = (
			);
			runOnlyForDeploymentPostprocessing = 0;
		};
/* End PBXResourcesBuildPhase section */

/* Begin PBXSourcesBuildPhase section */
		C68B73051B475DE500CBB79B /* Sources */ = {
			isa = PBXSourcesBuildPhase;
			buildActionMask = 2147483647;
			files = (
				C68B73111B475DE500CBB79B /* ViewController.swift in Sources */,
				C68B730F1B475DE500CBB79B /* AppDelegate.swift in Sources */,
				C68B732F1B475E0100CBB79B /* CustomIndicatorView.swift in Sources */,
			);
			runOnlyForDeploymentPostprocessing = 0;
		};
		C68B731A1B475DE500CBB79B /* Sources */ = {
			isa = PBXSourcesBuildPhase;
			buildActionMask = 2147483647;
			files = (
				C68B73251B475DE500CBB79B /* CustomIndicatorViewTests.swift in Sources */,
			);
			runOnlyForDeploymentPostprocessing = 0;
		};
/* End PBXSourcesBuildPhase section */

/* Begin PBXTargetDependency section */
		C68B73201B475DE500CBB79B /* PBXTargetDependency */ = {
			isa = PBXTargetDependency;
			target = C68B73081B475DE500CBB79B /* CustomIndicatorView */;
			targetProxy = C68B731F1B475DE500CBB79B /* PBXContainerItemProxy */;
		};
/* End PBXTargetDependency section */

/* Begin PBXVariantGroup section */
		C68B73121B475DE500CBB79B /* Main.storyboard */ = {
			isa = PBXVariantGroup;
			children = (
				C68B73131B475DE500CBB79B /* Base */,
			);
			name = Main.storyboard;
			sourceTree = "<group>";
		};
		C68B73171B475DE500CBB79B /* LaunchScreen.xib */ = {
			isa = PBXVariantGroup;
			children = (
				C68B73181B475DE500CBB79B /* Base */,
			);
			name = LaunchScreen.xib;
			sourceTree = "<group>";
		};
/* End PBXVariantGroup section */

/* Begin XCBuildConfiguration section */
		C68B73261B475DE500CBB79B /* Debug */ = {
			isa = XCBuildConfiguration;
			buildSettings = {
				ALWAYS_SEARCH_USER_PATHS = NO;
				CLANG_CXX_LANGUAGE_STANDARD = "gnu++0x";
				CLANG_CXX_LIBRARY = "libc++";
				CLANG_ENABLE_MODULES = YES;
				CLANG_ENABLE_OBJC_ARC = YES;
				CLANG_WARN_BOOL_CONVERSION = YES;
				CLANG_WARN_CONSTANT_CONVERSION = YES;
				CLANG_WARN_DIRECT_OBJC_ISA_USAGE = YES_ERROR;
				CLANG_WARN_EMPTY_BODY = YES;
				CLANG_WARN_ENUM_CONVERSION = YES;
				CLANG_WARN_INFINITE_RECURSION = YES;
				CLANG_WARN_INT_CONVERSION = YES;
				CLANG_WARN_OBJC_ROOT_CLASS = YES_ERROR;
				CLANG_WARN_SUSPICIOUS_MOVE = YES;
				CLANG_WARN_UNREACHABLE_CODE = YES;
				CLANG_WARN__DUPLICATE_METHOD_MATCH = YES;
				"CODE_SIGN_IDENTITY[sdk=iphoneos*]" = "iPhone Developer";
				COPY_PHASE_STRIP = NO;
				DEBUG_INFORMATION_FORMAT = "dwarf-with-dsym";
				ENABLE_STRICT_OBJC_MSGSEND = YES;
				ENABLE_TESTABILITY = YES;
				GCC_C_LANGUAGE_STANDARD = gnu99;
				GCC_DYNAMIC_NO_PIC = NO;
				GCC_NO_COMMON_BLOCKS = YES;
				GCC_OPTIMIZATION_LEVEL = 0;
				GCC_PREPROCESSOR_DEFINITIONS = (
					"DEBUG=1",
					"$(inherited)",
				);
				GCC_SYMBOLS_PRIVATE_EXTERN = NO;
				GCC_WARN_64_TO_32_BIT_CONVERSION = YES;
				GCC_WARN_ABOUT_RETURN_TYPE = YES_ERROR;
				GCC_WARN_UNDECLARED_SELECTOR = YES;
				GCC_WARN_UNINITIALIZED_AUTOS = YES_AGGRESSIVE;
				GCC_WARN_UNUSED_FUNCTION = YES;
				GCC_WARN_UNUSED_VARIABLE = YES;
				IPHONEOS_DEPLOYMENT_TARGET = 8.0;
				MTL_ENABLE_DEBUG_INFO = YES;
				ONLY_ACTIVE_ARCH = YES;
				SDKROOT = iphoneos;
				SWIFT_OPTIMIZATION_LEVEL = "-Onone";
				TARGETED_DEVICE_FAMILY = "1,2";
			};
			name = Debug;
		};
		C68B73271B475DE500CBB79B /* Release */ = {
			isa = XCBuildConfiguration;
			buildSettings = {
				ALWAYS_SEARCH_USER_PATHS = NO;
				CLANG_CXX_LANGUAGE_STANDARD = "gnu++0x";
				CLANG_CXX_LIBRARY = "libc++";
				CLANG_ENABLE_MODULES = YES;
				CLANG_ENABLE_OBJC_ARC = YES;
				CLANG_WARN_BOOL_CONVERSION = YES;
				CLANG_WARN_CONSTANT_CONVERSION = YES;
				CLANG_WARN_DIRECT_OBJC_ISA_USAGE = YES_ERROR;
				CLANG_WARN_EMPTY_BODY = YES;
				CLANG_WARN_ENUM_CONVERSION = YES;
				CLANG_WARN_INFINITE_RECURSION = YES;
				CLANG_WARN_INT_CONVERSION = YES;
				CLANG_WARN_OBJC_ROOT_CLASS = YES_ERROR;
				CLANG_WARN_SUSPICIOUS_MOVE = YES;
				CLANG_WARN_UNREACHABLE_CODE = YES;
				CLANG_WARN__DUPLICATE_METHOD_MATCH = YES;
				"CODE_SIGN_IDENTITY[sdk=iphoneos*]" = "iPhone Developer";
				COPY_PHASE_STRIP = NO;
				DEBUG_INFORMATION_FORMAT = "dwarf-with-dsym";
				ENABLE_NS_ASSERTIONS = NO;
				ENABLE_STRICT_OBJC_MSGSEND = YES;
				GCC_C_LANGUAGE_STANDARD = gnu99;
				GCC_NO_COMMON_BLOCKS = YES;
				GCC_WARN_64_TO_32_BIT_CONVERSION = YES;
				GCC_WARN_ABOUT_RETURN_TYPE = YES_ERROR;
				GCC_WARN_UNDECLARED_SELECTOR = YES;
				GCC_WARN_UNINITIALIZED_AUTOS = YES_AGGRESSIVE;
				GCC_WARN_UNUSED_FUNCTION = YES;
				GCC_WARN_UNUSED_VARIABLE = YES;
				IPHONEOS_DEPLOYMENT_TARGET = 8.0;
				MTL_ENABLE_DEBUG_INFO = NO;
				SDKROOT = iphoneos;
				SWIFT_OPTIMIZATION_LEVEL = "-Owholemodule";
				TARGETED_DEVICE_FAMILY = "1,2";
				VALIDATE_PRODUCT = YES;
			};
			name = Release;
		};
		C68B73291B475DE500CBB79B /* Debug */ = {
			isa = XCBuildConfiguration;
			buildSettings = {
				ASSETCATALOG_COMPILER_APPICON_NAME = AppIcon;
				CODE_SIGN_IDENTITY = "iPhone Developer";
				"CODE_SIGN_IDENTITY[sdk=iphoneos*]" = "iPhone Developer";
				INFOPLIST_FILE = CustomIndicatorView/Info.plist;
				LD_RUNPATH_SEARCH_PATHS = "$(inherited) @executable_path/Frameworks";
				PRODUCT_BUNDLE_IDENTIFIER = jp.aryzae.CustomIndicatorView;
				PRODUCT_NAME = "$(TARGET_NAME)";
				PROVISIONING_PROFILE = "";
				SWIFT_VERSION = 3.0;
			};
			name = Debug;
		};
		C68B732A1B475DE500CBB79B /* Release */ = {
			isa = XCBuildConfiguration;
			buildSettings = {
				ASSETCATALOG_COMPILER_APPICON_NAME = AppIcon;
				CODE_SIGN_IDENTITY = "iPhone Developer";
				"CODE_SIGN_IDENTITY[sdk=iphoneos*]" = "iPhone Developer";
				INFOPLIST_FILE = CustomIndicatorView/Info.plist;
				LD_RUNPATH_SEARCH_PATHS = "$(inherited) @executable_path/Frameworks";
				PRODUCT_BUNDLE_IDENTIFIER = jp.aryzae.CustomIndicatorView;
				PRODUCT_NAME = "$(TARGET_NAME)";
				PROVISIONING_PROFILE = "";
				SWIFT_VERSION = 3.0;
			};
			name = Release;
		};
		C68B732C1B475DE500CBB79B /* Debug */ = {
			isa = XCBuildConfiguration;
			buildSettings = {
				BUNDLE_LOADER = "$(TEST_HOST)";
				FRAMEWORK_SEARCH_PATHS = (
					"$(SDKROOT)/Developer/Library/Frameworks",
					"$(inherited)",
				);
				GCC_PREPROCESSOR_DEFINITIONS = (
					"DEBUG=1",
					"$(inherited)",
				);
				INFOPLIST_FILE = CustomIndicatorViewTests/Info.plist;
				LD_RUNPATH_SEARCH_PATHS = "$(inherited) @executable_path/Frameworks @loader_path/Frameworks";
				PRODUCT_BUNDLE_IDENTIFIER = "jp.shoito.$(PRODUCT_NAME:rfc1034identifier)";
				PRODUCT_NAME = "$(TARGET_NAME)";
				SWIFT_VERSION = 3.0;
				TEST_HOST = "$(BUILT_PRODUCTS_DIR)/CustomIndicatorView.app/CustomIndicatorView";
			};
			name = Debug;
		};
		C68B732D1B475DE500CBB79B /* Release */ = {
			isa = XCBuildConfiguration;
			buildSettings = {
				BUNDLE_LOADER = "$(TEST_HOST)";
				FRAMEWORK_SEARCH_PATHS = (
					"$(SDKROOT)/Developer/Library/Frameworks",
					"$(inherited)",
				);
				INFOPLIST_FILE = CustomIndicatorViewTests/Info.plist;
				LD_RUNPATH_SEARCH_PATHS = "$(inherited) @executable_path/Frameworks @loader_path/Frameworks";
				PRODUCT_BUNDLE_IDENTIFIER = "jp.shoito.$(PRODUCT_NAME:rfc1034identifier)";
				PRODUCT_NAME = "$(TARGET_NAME)";
				SWIFT_VERSION = 3.0;
				TEST_HOST = "$(BUILT_PRODUCTS_DIR)/CustomIndicatorView.app/CustomIndicatorView";
			};
			name = Release;
		};
/* End XCBuildConfiguration section */

/* Begin XCConfigurationList section */
		C68B73041B475DE500CBB79B /* Build configuration list for PBXProject "CustomIndicatorView" */ = {
			isa = XCConfigurationList;
			buildConfigurations = (
				C68B73261B475DE500CBB79B /* Debug */,
				C68B73271B475DE500CBB79B /* Release */,
			);
			defaultConfigurationIsVisible = 0;
			defaultConfigurationName = Release;
		};
		C68B73281B475DE500CBB79B /* Build configuration list for PBXNativeTarget "CustomIndicatorView" */ = {
			isa = XCConfigurationList;
			buildConfigurations = (
				C68B73291B475DE500CBB79B /* Debug */,
				C68B732A1B475DE500CBB79B /* Release */,
			);
			defaultConfigurationIsVisible = 0;
			defaultConfigurationName = Release;
		};
		C68B732B1B475DE500CBB79B /* Build configuration list for PBXNativeTarget "CustomIndicatorViewTests" */ = {
			isa = XCConfigurationList;
			buildConfigurations = (
				C68B732C1B475DE500CBB79B /* Debug */,
				C68B732D1B475DE500CBB79B /* Release */,
			);
			defaultConfigurationIsVisible = 0;
			defaultConfigurationName = Release;
		};
/* End XCConfigurationList section */
	};
	rootObject = C68B73011B475DE500CBB79B /* Project object */;
}
