// !$*UTF8*$!
{
	archiveVersion = 1;
	classes = {
	};
	objectVersion = 48;
	objects = {

/* Begin PBXBuildFile section */
		9A199636205BB32F00C8E507 /* AppDelegate.swift in Sources */ = {isa = PBXBuildFile; fileRef = 9A199635205BB32F00C8E507 /* AppDelegate.swift */; };
		9A199638205BB32F00C8E507 /* ViewController.swift in Sources */ = {isa = PBXBuildFile; fileRef = 9A199637205BB32F00C8E507 /* ViewController.swift */; };
		9A19963B205BB32F00C8E507 /* Main.storyboard in Resources */ = {isa = PBXBuildFile; fileRef = 9A199639205BB32F00C8E507 /* Main.storyboard */; };
		9A19963D205BB32F00C8E507 /* Assets.xcassets in Resources */ = {isa = PBXBuildFile; fileRef = 9A19963C205BB32F00C8E507 /* Assets.xcassets */; };
		9A199640205BB32F00C8E507 /* LaunchScreen.storyboard in Resources */ = {isa = PBXBuildFile; fileRef = 9A19963E205BB32F00C8E507 /* LaunchScreen.storyboard */; };
		9A19964B205BB32F00C8E507 /* ARKitDemoTests.swift in Sources */ = {isa = PBXBuildFile; fileRef = 9A19964A205BB32F00C8E507 /* ARKitDemoTests.swift */; };
		9A199656205BB32F00C8E507 /* ARKitDemoUITests.swift in Sources */ = {isa = PBXBuildFile; fileRef = 9A199655205BB32F00C8E507 /* ARKitDemoUITests.swift */; };
		9A1996A0205BB52C00C8E507 /* art.scnassets in Resources */ = {isa = PBXBuildFile; fileRef = 9A19969F205BB52B00C8E507 /* art.scnassets */; };
/* End PBXBuildFile section */

/* Begin PBXContainerItemProxy section */
		9A199647205BB32F00C8E507 /* PBXContainerItemProxy */ = {
			isa = PBXContainerItemProxy;
			containerPortal = 9A19962A205BB32F00C8E507 /* Project object */;
			proxyType = 1;
			remoteGlobalIDString = 9A199631205BB32F00C8E507;
			remoteInfo = ARKitDemo;
		};
		9A199652205BB32F00C8E507 /* PBXContainerItemProxy */ = {
			isa = PBXContainerItemProxy;
			containerPortal = 9A19962A205BB32F00C8E507 /* Project object */;
			proxyType = 1;
			remoteGlobalIDString = 9A199631205BB32F00C8E507;
			remoteInfo = ARKitDemo;
		};
/* End PBXContainerItemProxy section */

/* Begin PBXFileReference section */
		9A199632205BB32F00C8E507 /* ARKitDemo.app */ = {isa = PBXFileReference; explicitFileType = wrapper.application; includeInIndex = 0; path = ARKitDemo.app; sourceTree = BUILT_PRODUCTS_DIR; };
		9A199635205BB32F00C8E507 /* AppDelegate.swift */ = {isa = PBXFileReference; lastKnownFileType = sourcecode.swift; path = AppDelegate.swift; sourceTree = "<group>"; };
		9A199637205BB32F00C8E507 /* ViewController.swift */ = {isa = PBXFileReference; lastKnownFileType = sourcecode.swift; path = ViewController.swift; sourceTree = "<group>"; };
		9A19963A205BB32F00C8E507 /* Base */ = {isa = PBXFileReference; lastKnownFileType = file.storyboard; name = Base; path = Base.lproj/Main.storyboard; sourceTree = "<group>"; };
		9A19963C205BB32F00C8E507 /* Assets.xcassets */ = {isa = PBXFileReference; lastKnownFileType = folder.assetcatalog; path = Assets.xcassets; sourceTree = "<group>"; };
		9A19963F205BB32F00C8E507 /* Base */ = {isa = PBXFileReference; lastKnownFileType = file.storyboard; name = Base; path = Base.lproj/LaunchScreen.storyboard; sourceTree = "<group>"; };
		9A199641205BB32F00C8E507 /* Info.plist */ = {isa = PBXFileReference; lastKnownFileType = text.plist.xml; path = Info.plist; sourceTree = "<group>"; };
		9A199646205BB32F00C8E507 /* ARKitDemoTests.xctest */ = {isa = PBXFileReference; explicitFileType = wrapper.cfbundle; includeInIndex = 0; path = ARKitDemoTests.xctest; sourceTree = BUILT_PRODUCTS_DIR; };
		9A19964A205BB32F00C8E507 /* ARKitDemoTests.swift */ = {isa = PBXFileReference; lastKnownFileType = sourcecode.swift; path = ARKitDemoTests.swift; sourceTree = "<group>"; };
		9A19964C205BB32F00C8E507 /* Info.plist */ = {isa = PBXFileReference; lastKnownFileType = text.plist.xml; path = Info.plist; sourceTree = "<group>"; };
		9A199651205BB32F00C8E507 /* ARKitDemoUITests.xctest */ = {isa = PBXFileReference; explicitFileType = wrapper.cfbundle; includeInIndex = 0; path = ARKitDemoUITests.xctest; sourceTree = BUILT_PRODUCTS_DIR; };
		9A199655205BB32F00C8E507 /* ARKitDemoUITests.swift */ = {isa = PBXFileReference; lastKnownFileType = sourcecode.swift; path = ARKitDemoUITests.swift; sourceTree = "<group>"; };
		9A199657205BB32F00C8E507 /* Info.plist */ = {isa = PBXFileReference; lastKnownFileType = text.plist.xml; path = Info.plist; sourceTree = "<group>"; };
		9A19969F205BB52B00C8E507 /* art.scnassets */ = {isa = PBXFileReference; lastKnownFileType = wrapper.scnassets; path = art.scnassets; sourceTree = "<group>"; };
/* End PBXFileReference section */

/* Begin PBXFrameworksBuildPhase section */
		9A19962F205BB32F00C8E507 /* Frameworks */ = {
			isa = PBXFrameworksBuildPhase;
			buildActionMask = 2147483647;
			files = (
			);
			runOnlyForDeploymentPostprocessing = 0;
		};
		9A199643205BB32F00C8E507 /* Frameworks */ = {
			isa = PBXFrameworksBuildPhase;
			buildActionMask = 2147483647;
			files = (
			);
			runOnlyForDeploymentPostprocessing = 0;
		};
		9A19964E205BB32F00C8E507 /* Frameworks */ = {
			isa = PBXFrameworksBuildPhase;
			buildActionMask = 2147483647;
			files = (
			);
			runOnlyForDeploymentPostprocessing = 0;
		};
/* End PBXFrameworksBuildPhase section */

/* Begin PBXGroup section */
		9A199629205BB32F00C8E507 = {
			isa = PBXGroup;
			children = (
				9A199634205BB32F00C8E507 /* ARKitDemo */,
				9A199649205BB32F00C8E507 /* ARKitDemoTests */,
				9A199654205BB32F00C8E507 /* ARKitDemoUITests */,
				9A199633205BB32F00C8E507 /* Products */,
			);
			sourceTree = "<group>";
		};
		9A199633205BB32F00C8E507 /* Products */ = {
			isa = PBXGroup;
			children = (
				9A199632205BB32F00C8E507 /* ARKitDemo.app */,
				9A199646205BB32F00C8E507 /* ARKitDemoTests.xctest */,
				9A199651205BB32F00C8E507 /* ARKitDemoUITests.xctest */,
			);
			name = Products;
			sourceTree = "<group>";
		};
		9A199634205BB32F00C8E507 /* ARKitDemo */ = {
			isa = PBXGroup;
			children = (
				9A19969F205BB52B00C8E507 /* art.scnassets */,
				9A199635205BB32F00C8E507 /* AppDelegate.swift */,
				9A199637205BB32F00C8E507 /* ViewController.swift */,
				9A199639205BB32F00C8E507 /* Main.storyboard */,
				9A19963C205BB32F00C8E507 /* Assets.xcassets */,
				9A19963E205BB32F00C8E507 /* LaunchScreen.storyboard */,
				9A199641205BB32F00C8E507 /* Info.plist */,
			);
			path = ARKitDemo;
			sourceTree = "<group>";
		};
		9A199649205BB32F00C8E507 /* ARKitDemoTests */ = {
			isa = PBXGroup;
			children = (
				9A19964A205BB32F00C8E507 /* ARKitDemoTests.swift */,
				9A19964C205BB32F00C8E507 /* Info.plist */,
			);
			path = ARKitDemoTests;
			sourceTree = "<group>";
		};
		9A199654205BB32F00C8E507 /* ARKitDemoUITests */ = {
			isa = PBXGroup;
			children = (
				9A199655205BB32F00C8E507 /* ARKitDemoUITests.swift */,
				9A199657205BB32F00C8E507 /* Info.plist */,
			);
			path = ARKitDemoUITests;
			sourceTree = "<group>";
		};
/* End PBXGroup section */

/* Begin PBXNativeTarget section */
		9A199631205BB32F00C8E507 /* ARKitDemo */ = {
			isa = PBXNativeTarget;
			buildConfigurationList = 9A19965A205BB32F00C8E507 /* Build configuration list for PBXNativeTarget "ARKitDemo" */;
			buildPhases = (
				9A19962E205BB32F00C8E507 /* Sources */,
				9A19962F205BB32F00C8E507 /* Frameworks */,
				9A199630205BB32F00C8E507 /* Resources */,
			);
			buildRules = (
			);
			dependencies = (
			);
			name = ARKitDemo;
			productName = ARKitDemo;
			productReference = 9A199632205BB32F00C8E507 /* ARKitDemo.app */;
			productType = "com.apple.product-type.application";
		};
		9A199645205BB32F00C8E507 /* ARKitDemoTests */ = {
			isa = PBXNativeTarget;
			buildConfigurationList = 9A19965D205BB32F00C8E507 /* Build configuration list for PBXNativeTarget "ARKitDemoTests" */;
			buildPhases = (
				9A199642205BB32F00C8E507 /* Sources */,
				9A199643205BB32F00C8E507 /* Frameworks */,
				9A199644205BB32F00C8E507 /* Resources */,
			);
			buildRules = (
			);
			dependencies = (
				9A199648205BB32F00C8E507 /* PBXTargetDependency */,
			);
			name = ARKitDemoTests;
			productName = ARKitDemoTests;
			productReference = 9A199646205BB32F00C8E507 /* ARKitDemoTests.xctest */;
			productType = "com.apple.product-type.bundle.unit-test";
		};
		9A199650205BB32F00C8E507 /* ARKitDemoUITests */ = {
			isa = PBXNativeTarget;
			buildConfigurationList = 9A199660205BB32F00C8E507 /* Build configuration list for PBXNativeTarget "ARKitDemoUITests" */;
			buildPhases = (
				9A19964D205BB32F00C8E507 /* Sources */,
				9A19964E205BB32F00C8E507 /* Frameworks */,
				9A19964F205BB32F00C8E507 /* Resources */,
			);
			buildRules = (
			);
			dependencies = (
				9A199653205BB32F00C8E507 /* PBXTargetDependency */,
			);
			name = ARKitDemoUITests;
			productName = ARKitDemoUITests;
			productReference = 9A199651205BB32F00C8E507 /* ARKitDemoUITests.xctest */;
			productType = "com.apple.product-type.bundle.ui-testing";
		};
/* End PBXNativeTarget section */

/* Begin PBXProject section */
		9A19962A205BB32F00C8E507 /* Project object */ = {
			isa = PBXProject;
			attributes = {
				LastSwiftUpdateCheck = 0920;
				LastUpgradeCheck = 0920;
				ORGANIZATIONNAME = aryzae;
				TargetAttributes = {
					9A199631205BB32F00C8E507 = {
						CreatedOnToolsVersion = 9.2;
						ProvisioningStyle = Automatic;
					};
					9A199645205BB32F00C8E507 = {
						CreatedOnToolsVersion = 9.2;
						ProvisioningStyle = Automatic;
						TestTargetID = 9A199631205BB32F00C8E507;
					};
					9A199650205BB32F00C8E507 = {
						CreatedOnToolsVersion = 9.2;
						ProvisioningStyle = Automatic;
						TestTargetID = 9A199631205BB32F00C8E507;
					};
				};
			};
			buildConfigurationList = 9A19962D205BB32F00C8E507 /* Build configuration list for PBXProject "ARKitDemo" */;
			compatibilityVersion = "Xcode 8.0";
			developmentRegion = en;
			hasScannedForEncodings = 0;
			knownRegions = (
				en,
				Base,
			);
			mainGroup = 9A199629205BB32F00C8E507;
			productRefGroup = 9A199633205BB32F00C8E507 /* Products */;
			projectDirPath = "";
			projectRoot = "";
			targets = (
				9A199631205BB32F00C8E507 /* ARKitDemo */,
				9A199645205BB32F00C8E507 /* ARKitDemoTests */,
				9A199650205BB32F00C8E507 /* ARKitDemoUITests */,
			);
		};
/* End PBXProject section */

/* Begin PBXResourcesBuildPhase section */
		9A199630205BB32F00C8E507 /* Resources */ = {
			isa = PBXResourcesBuildPhase;
			buildActionMask = 2147483647;
			files = (
				9A199640205BB32F00C8E507 /* LaunchScreen.storyboard in Resources */,
				9A1996A0205BB52C00C8E507 /* art.scnassets in Resources */,
				9A19963D205BB32F00C8E507 /* Assets.xcassets in Resources */,
				9A19963B205BB32F00C8E507 /* Main.storyboard in Resources */,
			);
			runOnlyForDeploymentPostprocessing = 0;
		};
		9A199644205BB32F00C8E507 /* Resources */ = {
			isa = PBXResourcesBuildPhase;
			buildActionMask = 2147483647;
			files = (
			);
			runOnlyForDeploymentPostprocessing = 0;
		};
		9A19964F205BB32F00C8E507 /* Resources */ = {
			isa = PBXResourcesBuildPhase;
			buildActionMask = 2147483647;
			files = (
			);
			runOnlyForDeploymentPostprocessing = 0;
		};
/* End PBXResourcesBuildPhase section */

/* Begin PBXSourcesBuildPhase section */
		9A19962E205BB32F00C8E507 /* Sources */ = {
			isa = PBXSourcesBuildPhase;
			buildActionMask = 2147483647;
			files = (
				9A199638205BB32F00C8E507 /* ViewController.swift in Sources */,
				9A199636205BB32F00C8E507 /* AppDelegate.swift in Sources */,
			);
			runOnlyForDeploymentPostprocessing = 0;
		};
		9A199642205BB32F00C8E507 /* Sources */ = {
			isa = PBXSourcesBuildPhase;
			buildActionMask = 2147483647;
			files = (
				9A19964B205BB32F00C8E507 /* ARKitDemoTests.swift in Sources */,
			);
			runOnlyForDeploymentPostprocessing = 0;
		};
		9A19964D205BB32F00C8E507 /* Sources */ = {
			isa = PBXSourcesBuildPhase;
			buildActionMask = 2147483647;
			files = (
				9A199656205BB32F00C8E507 /* ARKitDemoUITests.swift in Sources */,
			);
			runOnlyForDeploymentPostprocessing = 0;
		};
/* End PBXSourcesBuildPhase section */

/* Begin PBXTargetDependency section */
		9A199648205BB32F00C8E507 /* PBXTargetDependency */ = {
			isa = PBXTargetDependency;
			target = 9A199631205BB32F00C8E507 /* ARKitDemo */;
			targetProxy = 9A199647205BB32F00C8E507 /* PBXContainerItemProxy */;
		};
		9A199653205BB32F00C8E507 /* PBXTargetDependency */ = {
			isa = PBXTargetDependency;
			target = 9A199631205BB32F00C8E507 /* ARKitDemo */;
			targetProxy = 9A199652205BB32F00C8E507 /* PBXContainerItemProxy */;
		};
/* End PBXTargetDependency section */

/* Begin PBXVariantGroup section */
		9A199639205BB32F00C8E507 /* Main.storyboard */ = {
			isa = PBXVariantGroup;
			children = (
				9A19963A205BB32F00C8E507 /* Base */,
			);
			name = Main.storyboard;
			sourceTree = "<group>";
		};
		9A19963E205BB32F00C8E507 /* LaunchScreen.storyboard */ = {
			isa = PBXVariantGroup;
			children = (
				9A19963F205BB32F00C8E507 /* Base */,
			);
			name = LaunchScreen.storyboard;
			sourceTree = "<group>";
		};
/* End PBXVariantGroup section */

/* Begin XCBuildConfiguration section */
		9A199658205BB32F00C8E507 /* Debug */ = {
			isa = XCBuildConfiguration;
			buildSettings = {
				ALWAYS_SEARCH_USER_PATHS = NO;
				CLANG_ANALYZER_NONNULL = YES;
				CLANG_ANALYZER_NUMBER_OBJECT_CONVERSION = YES_AGGRESSIVE;
				CLANG_CXX_LANGUAGE_STANDARD = "gnu++14";
				CLANG_CXX_LIBRARY = "libc++";
				CLANG_ENABLE_MODULES = YES;
				CLANG_ENABLE_OBJC_ARC = YES;
				CLANG_WARN_BLOCK_CAPTURE_AUTORELEASING = YES;
				CLANG_WARN_BOOL_CONVERSION = YES;
				CLANG_WARN_COMMA = YES;
				CLANG_WARN_CONSTANT_CONVERSION = YES;
				CLANG_WARN_DIRECT_OBJC_ISA_USAGE = YES_ERROR;
				CLANG_WARN_DOCUMENTATION_COMMENTS = YES;
				CLANG_WARN_EMPTY_BODY = YES;
				CLANG_WARN_ENUM_CONVERSION = YES;
				CLANG_WARN_INFINITE_RECURSION = YES;
				CLANG_WARN_INT_CONVERSION = YES;
				CLANG_WARN_NON_LITERAL_NULL_CONVERSION = YES;
				CLANG_WARN_OBJC_LITERAL_CONVERSION = YES;
				CLANG_WARN_OBJC_ROOT_CLASS = YES_ERROR;
				CLANG_WARN_RANGE_LOOP_ANALYSIS = YES;
				CLANG_WARN_STRICT_PROTOTYPES = YES;
				CLANG_WARN_SUSPICIOUS_MOVE = YES;
				CLANG_WARN_UNGUARDED_AVAILABILITY = YES_AGGRESSIVE;
				CLANG_WARN_UNREACHABLE_CODE = YES;
				CLANG_WARN__DUPLICATE_METHOD_MATCH = YES;
				CODE_SIGN_IDENTITY = "iPhone Developer";
				COPY_PHASE_STRIP = NO;
				DEBUG_INFORMATION_FORMAT = dwarf;
				ENABLE_STRICT_OBJC_MSGSEND = YES;
				ENABLE_TESTABILITY = YES;
				GCC_C_LANGUAGE_STANDARD = gnu11;
				GCC_DYNAMIC_NO_PIC = NO;
				GCC_NO_COMMON_BLOCKS = YES;
				GCC_OPTIMIZATION_LEVEL = 0;
				GCC_PREPROCESSOR_DEFINITIONS = (
					"DEBUG=1",
					"$(inherited)",
				);
				GCC_WARN_64_TO_32_BIT_CONVERSION = YES;
				GCC_WARN_ABOUT_RETURN_TYPE = YES_ERROR;
				GCC_WARN_UNDECLARED_SELECTOR = YES;
				GCC_WARN_UNINITIALIZED_AUTOS = YES_AGGRESSIVE;
				GCC_WARN_UNUSED_FUNCTION = YES;
				GCC_WARN_UNUSED_VARIABLE = YES;
				IPHONEOS_DEPLOYMENT_TARGET = 11.2;
				MTL_ENABLE_DEBUG_INFO = YES;
				ONLY_ACTIVE_ARCH = YES;
				SDKROOT = iphoneos;
				SWIFT_ACTIVE_COMPILATION_CONDITIONS = DEBUG;
				SWIFT_OPTIMIZATION_LEVEL = "-Onone";
			};
			name = Debug;
		};
		9A199659205BB32F00C8E507 /* Release */ = {
			isa = XCBuildConfiguration;
			buildSettings = {
				ALWAYS_SEARCH_USER_PATHS = NO;
				CLANG_ANALYZER_NONNULL = YES;
				CLANG_ANALYZER_NUMBER_OBJECT_CONVERSION = YES_AGGRESSIVE;
				CLANG_CXX_LANGUAGE_STANDARD = "gnu++14";
				CLANG_CXX_LIBRARY = "libc++";
				CLANG_ENABLE_MODULES = YES;
				CLANG_ENABLE_OBJC_ARC = YES;
				CLANG_WARN_BLOCK_CAPTURE_AUTORELEASING = YES;
				CLANG_WARN_BOOL_CONVERSION = YES;
				CLANG_WARN_COMMA = YES;
				CLANG_WARN_CONSTANT_CONVERSION = YES;
				CLANG_WARN_DIRECT_OBJC_ISA_USAGE = YES_ERROR;
				CLANG_WARN_DOCUMENTATION_COMMENTS = YES;
				CLANG_WARN_EMPTY_BODY = YES;
				CLANG_WARN_ENUM_CONVERSION = YES;
				CLANG_WARN_INFINITE_RECURSION = YES;
				CLANG_WARN_INT_CONVERSION = YES;
				CLANG_WARN_NON_LITERAL_NULL_CONVERSION = YES;
				CLANG_WARN_OBJC_LITERAL_CONVERSION = YES;
				CLANG_WARN_OBJC_ROOT_CLASS = YES_ERROR;
				CLANG_WARN_RANGE_LOOP_ANALYSIS = YES;
				CLANG_WARN_STRICT_PROTOTYPES = YES;
				CLANG_WARN_SUSPICIOUS_MOVE = YES;
				CLANG_WARN_UNGUARDED_AVAILABILITY = YES_AGGRESSIVE;
				CLANG_WARN_UNREACHABLE_CODE = YES;
				CLANG_WARN__DUPLICATE_METHOD_MATCH = YES;
				CODE_SIGN_IDENTITY = "iPhone Developer";
				COPY_PHASE_STRIP = NO;
				DEBUG_INFORMATION_FORMAT = "dwarf-with-dsym";
				ENABLE_NS_ASSERTIONS = NO;
				ENABLE_STRICT_OBJC_MSGSEND = YES;
				GCC_C_LANGUAGE_STANDARD = gnu11;
				GCC_NO_COMMON_BLOCKS = YES;
				GCC_WARN_64_TO_32_BIT_CONVERSION = YES;
				GCC_WARN_ABOUT_RETURN_TYPE = YES_ERROR;
				GCC_WARN_UNDECLARED_SELECTOR = YES;
				GCC_WARN_UNINITIALIZED_AUTOS = YES_AGGRESSIVE;
				GCC_WARN_UNUSED_FUNCTION = YES;
				GCC_WARN_UNUSED_VARIABLE = YES;
				IPHONEOS_DEPLOYMENT_TARGET = 11.2;
				MTL_ENABLE_DEBUG_INFO = NO;
				SDKROOT = iphoneos;
				SWIFT_OPTIMIZATION_LEVEL = "-Owholemodule";
				VALIDATE_PRODUCT = YES;
			};
			name = Release;
		};
		9A19965B205BB32F00C8E507 /* Debug */ = {
			isa = XCBuildConfiguration;
			buildSettings = {
				ASSETCATALOG_COMPILER_APPICON_NAME = AppIcon;
				CODE_SIGN_STYLE = Automatic;
				DEVELOPMENT_TEAM = U38WFWB5D6;
				INFOPLIST_FILE = ARKitDemo/Info.plist;
				LD_RUNPATH_SEARCH_PATHS = "$(inherited) @executable_path/Frameworks";
				PRODUCT_BUNDLE_IDENTIFIER = jp.aryzae.ARKitDemo;
				PRODUCT_NAME = "$(TARGET_NAME)";
				SWIFT_VERSION = 4.0;
				TARGETED_DEVICE_FAMILY = "1,2";
			};
			name = Debug;
		};
		9A19965C205BB32F00C8E507 /* Release */ = {
			isa = XCBuildConfiguration;
			buildSettings = {
				ASSETCATALOG_COMPILER_APPICON_NAME = AppIcon;
				CODE_SIGN_STYLE = Automatic;
				DEVELOPMENT_TEAM = U38WFWB5D6;
				INFOPLIST_FILE = ARKitDemo/Info.plist;
				LD_RUNPATH_SEARCH_PATHS = "$(inherited) @executable_path/Frameworks";
				PRODUCT_BUNDLE_IDENTIFIER = jp.aryzae.ARKitDemo;
				PRODUCT_NAME = "$(TARGET_NAME)";
				SWIFT_VERSION = 4.0;
				TARGETED_DEVICE_FAMILY = "1,2";
			};
			name = Release;
		};
		9A19965E205BB32F00C8E507 /* Debug */ = {
			isa = XCBuildConfiguration;
			buildSettings = {
				ALWAYS_EMBED_SWIFT_STANDARD_LIBRARIES = YES;
				BUNDLE_LOADER = "$(TEST_HOST)";
				CODE_SIGN_STYLE = Automatic;
				DEVELOPMENT_TEAM = U38WFWB5D6;
				INFOPLIST_FILE = ARKitDemoTests/Info.plist;
				LD_RUNPATH_SEARCH_PATHS = "$(inherited) @executable_path/Frameworks @loader_path/Frameworks";
				PRODUCT_BUNDLE_IDENTIFIER = jp.aryzae.ARKitDemoTests;
				PRODUCT_NAME = "$(TARGET_NAME)";
				SWIFT_VERSION = 4.0;
				TARGETED_DEVICE_FAMILY = "1,2";
				TEST_HOST = "$(BUILT_PRODUCTS_DIR)/ARKitDemo.app/ARKitDemo";
			};
			name = Debug;
		};
		9A19965F205BB32F00C8E507 /* Release */ = {
			isa = XCBuildConfiguration;
			buildSettings = {
				ALWAYS_EMBED_SWIFT_STANDARD_LIBRARIES = YES;
				BUNDLE_LOADER = "$(TEST_HOST)";
				CODE_SIGN_STYLE = Automatic;
				DEVELOPMENT_TEAM = U38WFWB5D6;
				INFOPLIST_FILE = ARKitDemoTests/Info.plist;
				LD_RUNPATH_SEARCH_PATHS = "$(inherited) @executable_path/Frameworks @loader_path/Frameworks";
				PRODUCT_BUNDLE_IDENTIFIER = jp.aryzae.ARKitDemoTests;
				PRODUCT_NAME = "$(TARGET_NAME)";
				SWIFT_VERSION = 4.0;
				TARGETED_DEVICE_FAMILY = "1,2";
				TEST_HOST = "$(BUILT_PRODUCTS_DIR)/ARKitDemo.app/ARKitDemo";
			};
			name = Release;
		};
		9A199661205BB32F00C8E507 /* Debug */ = {
			isa = XCBuildConfiguration;
			buildSettings = {
				ALWAYS_EMBED_SWIFT_STANDARD_LIBRARIES = YES;
				CODE_SIGN_STYLE = Automatic;
				DEVELOPMENT_TEAM = U38WFWB5D6;
				INFOPLIST_FILE = ARKitDemoUITests/Info.plist;
				LD_RUNPATH_SEARCH_PATHS = "$(inherited) @executable_path/Frameworks @loader_path/Frameworks";
				PRODUCT_BUNDLE_IDENTIFIER = jp.aryzae.ARKitDemoUITests;
				PRODUCT_NAME = "$(TARGET_NAME)";
				SWIFT_VERSION = 4.0;
				TARGETED_DEVICE_FAMILY = "1,2";
				TEST_TARGET_NAME = ARKitDemo;
			};
			name = Debug;
		};
		9A199662205BB32F00C8E507 /* Release */ = {
			isa = XCBuildConfiguration;
			buildSettings = {
				ALWAYS_EMBED_SWIFT_STANDARD_LIBRARIES = YES;
				CODE_SIGN_STYLE = Automatic;
				DEVELOPMENT_TEAM = U38WFWB5D6;
				INFOPLIST_FILE = ARKitDemoUITests/Info.plist;
				LD_RUNPATH_SEARCH_PATHS = "$(inherited) @executable_path/Frameworks @loader_path/Frameworks";
				PRODUCT_BUNDLE_IDENTIFIER = jp.aryzae.ARKitDemoUITests;
				PRODUCT_NAME = "$(TARGET_NAME)";
				SWIFT_VERSION = 4.0;
				TARGETED_DEVICE_FAMILY = "1,2";
				TEST_TARGET_NAME = ARKitDemo;
			};
			name = Release;
		};
/* End XCBuildConfiguration section */

/* Begin XCConfigurationList section */
		9A19962D205BB32F00C8E507 /* Build configuration list for PBXProject "ARKitDemo" */ = {
			isa = XCConfigurationList;
			buildConfigurations = (
				9A199658205BB32F00C8E507 /* Debug */,
				9A199659205BB32F00C8E507 /* Release */,
			);
			defaultConfigurationIsVisible = 0;
			defaultConfigurationName = Release;
		};
		9A19965A205BB32F00C8E507 /* Build configuration list for PBXNativeTarget "ARKitDemo" */ = {
			isa = XCConfigurationList;
			buildConfigurations = (
				9A19965B205BB32F00C8E507 /* Debug */,
				9A19965C205BB32F00C8E507 /* Release */,
			);
			defaultConfigurationIsVisible = 0;
			defaultConfigurationName = Release;
		};
		9A19965D205BB32F00C8E507 /* Build configuration list for PBXNativeTarget "ARKitDemoTests" */ = {
			isa = XCConfigurationList;
			buildConfigurations = (
				9A19965E205BB32F00C8E507 /* Debug */,
				9A19965F205BB32F00C8E507 /* Release */,
			);
			defaultConfigurationIsVisible = 0;
			defaultConfigurationName = Release;
		};
		9A199660205BB32F00C8E507 /* Build configuration list for PBXNativeTarget "ARKitDemoUITests" */ = {
			isa = XCConfigurationList;
			buildConfigurations = (
				9A199661205BB32F00C8E507 /* Debug */,
				9A199662205BB32F00C8E507 /* Release */,
			);
			defaultConfigurationIsVisible = 0;
			defaultConfigurationName = Release;
		};
/* End XCConfigurationList section */
	};
	rootObject = 9A19962A205BB32F00C8E507 /* Project object */;
}
